
Microsoft Visual Studio Solution File, Format Version 12.00
# Visual Studio Version 16
VisualStudioVersion = 16.0.30413.136
MinimumVisualStudioVersion = 10.0.40219.1
Project("{FAE04EC0-301F-11D3-BF4B-00C04F79EFBC}") = "billetera_project", "billetera_project.csproj", "{37715CF3-B9F8-47A0-A22B-4BCC5024F577}"
EndProject
Global
	GlobalSection(SolutionConfigurationPlatforms) = preSolution
		Debug|Any CPU = Debug|Any CPU
		Release|Any CPU = Release|Any CPU
	EndGlobalSection
	GlobalSection(ProjectConfigurationPlatforms) = postSolution
		{37715CF3-B9F8-47A0-A22B-4BCC5024F577}.Debug|Any CPU.ActiveCfg = Debug|Any CPU
		{37715CF3-B9F8-47A0-A22B-4BCC5024F577}.Debug|Any CPU.Build.0 = Debug|Any CPU
		{37715CF3-B9F8-47A0-A22B-4BCC5024F577}.Release|Any CPU.ActiveCfg = Release|Any CPU
		{37715CF3-B9F8-47A0-A22B-4BCC5024F577}.Release|Any CPU.Build.0 = Release|Any CPU
	EndGlobalSection
	GlobalSection(SolutionProperties) = preSolution
		HideSolutionNode = FALSE
	EndGlobalSection
	GlobalSection(ExtensibilityGlobals) = postSolution
		SolutionGuid = {C045E366-9C79-43B8-A68C-93CB5BBA9A4D}
	EndGlobalSection
EndGlobal
